
Microsoft Visual Studio Solution File, Format Version 12.00
Project("{2150E333-8FDC-42A3-9474-1A3956D46DE8}") = "Solution Items", "Solution Items", "{B400B030-0B67-48C4-9A8E-CE2017FA900C}"
	ProjectSection(SolutionItems) = preProject
		docker-compose.yml = docker-compose.yml
	EndProjectSection
EndProject
Project("{FAE04EC0-301F-11D3-BF4B-00C04F79EFBC}") = "FormBuilder.Persistence", "FormBuilder.Persistence\FormBuilder.Persistence.csproj", "{2B024D44-C12E-4B8B-AFAF-3D5ED54C5A9A}"
EndProject
Project("{FAE04EC0-301F-11D3-BF4B-00C04F79EFBC}") = "FormBuilder.Entities", "FormBuilder.Entities\FormBuilder.Entities.csproj", "{AC9D3D56-3311-4F2B-9B53-3E7114196802}"
EndProject
Project("{FAE04EC0-301F-11D3-BF4B-00C04F79EFBC}") = "FormBuilder.Repositories", "FormBuilder.Repositories\FormBuilder.Repositories.csproj", "{9B833EED-3CC8-4DBF-9D2C-7989E792A368}"
EndProject
Global
	GlobalSection(SolutionConfigurationPlatforms) = preSolution
		Debug|Any CPU = Debug|Any CPU
		Release|Any CPU = Release|Any CPU
	EndGlobalSection
	GlobalSection(ProjectConfigurationPlatforms) = postSolution
		{2B024D44-C12E-4B8B-AFAF-3D5ED54C5A9A}.Debug|Any CPU.ActiveCfg = Debug|Any CPU
		{2B024D44-C12E-4B8B-AFAF-3D5ED54C5A9A}.Debug|Any CPU.Build.0 = Debug|Any CPU
		{2B024D44-C12E-4B8B-AFAF-3D5ED54C5A9A}.Release|Any CPU.ActiveCfg = Release|Any CPU
		{2B024D44-C12E-4B8B-AFAF-3D5ED54C5A9A}.Release|Any CPU.Build.0 = Release|Any CPU
		{AC9D3D56-3311-4F2B-9B53-3E7114196802}.Debug|Any CPU.ActiveCfg = Debug|Any CPU
		{AC9D3D56-3311-4F2B-9B53-3E7114196802}.Debug|Any CPU.Build.0 = Debug|Any CPU
		{AC9D3D56-3311-4F2B-9B53-3E7114196802}.Release|Any CPU.ActiveCfg = Release|Any CPU
		{AC9D3D56-3311-4F2B-9B53-3E7114196802}.Release|Any CPU.Build.0 = Release|Any CPU
		{9B833EED-3CC8-4DBF-9D2C-7989E792A368}.Debug|Any CPU.ActiveCfg = Debug|Any CPU
		{9B833EED-3CC8-4DBF-9D2C-7989E792A368}.Debug|Any CPU.Build.0 = Debug|Any CPU
		{9B833EED-3CC8-4DBF-9D2C-7989E792A368}.Release|Any CPU.ActiveCfg = Release|Any CPU
		{9B833EED-3CC8-4DBF-9D2C-7989E792A368}.Release|Any CPU.Build.0 = Release|Any CPU
	EndGlobalSection
EndGlobal
